
Microsoft Visual Studio Solution File, Format Version 12.00
# Visual Studio Version 17
VisualStudioVersion = 17.11.35208.52
MinimumVisualStudioVersion = 10.0.40219.1
Project("{FAE04EC0-301F-11D3-BF4B-00C04F79EFBC}") = "CSSD_Finals", "CSSD_Finals\CSSD_Finals.csproj", "{0A20CA05-8CED-4BB2-8E35-66041B3FDDF1}"
EndProject
Global
	GlobalSection(SolutionConfigurationPlatforms) = preSolution
		Debug|Any CPU = Debug|Any CPU
		Release|Any CPU = Release|Any CPU
	EndGlobalSection
	GlobalSection(ProjectConfigurationPlatforms) = postSolution
		{0A20CA05-8CED-4BB2-8E35-66041B3FDDF1}.Debug|Any CPU.ActiveCfg = Debug|Any CPU
		{0A20CA05-8CED-4BB2-8E35-66041B3FDDF1}.Debug|Any CPU.Build.0 = Debug|Any CPU
		{0A20CA05-8CED-4BB2-8E35-66041B3FDDF1}.Release|Any CPU.ActiveCfg = Release|Any CPU
		{0A20CA05-8CED-4BB2-8E35-66041B3FDDF1}.Release|Any CPU.Build.0 = Release|Any CPU
	EndGlobalSection
	GlobalSection(SolutionProperties) = preSolution
		HideSolutionNode = FALSE
	EndGlobalSection
	GlobalSection(ExtensibilityGlobals) = postSolution
		SolutionGuid = {EF2B16FF-0DF0-4963-920A-9214C11F39BC}
	EndGlobalSection
EndGlobal
